
Microsoft Visual Studio Solution File, Format Version 12.00
# Visual Studio Version 17
VisualStudioVersion = 17.7.34003.232
MinimumVisualStudioVersion = 10.0.40219.1
Project("{FAE04EC0-301F-11D3-BF4B-00C04F79EFBC}") = "LibraryAPI_Mauricio", "LibraryAPI_Mauricio.csproj", "{3A3B7021-2E42-4D45-B8DC-FF192304A171}"
EndProject
Global
	GlobalSection(SolutionConfigurationPlatforms) = preSolution
		Debug|Any CPU = Debug|Any CPU
		Release|Any CPU = Release|Any CPU
	EndGlobalSection
	GlobalSection(ProjectConfigurationPlatforms) = postSolution
		{3A3B7021-2E42-4D45-B8DC-FF192304A171}.Debug|Any CPU.ActiveCfg = Debug|Any CPU
		{3A3B7021-2E42-4D45-B8DC-FF192304A171}.Debug|Any CPU.Build.0 = Debug|Any CPU
		{3A3B7021-2E42-4D45-B8DC-FF192304A171}.Release|Any CPU.ActiveCfg = Release|Any CPU
		{3A3B7021-2E42-4D45-B8DC-FF192304A171}.Release|Any CPU.Build.0 = Release|Any CPU
	EndGlobalSection
	GlobalSection(SolutionProperties) = preSolution
		HideSolutionNode = FALSE
	EndGlobalSection
	GlobalSection(ExtensibilityGlobals) = postSolution
		SolutionGuid = {BB8A40B9-C5D3-48B5-9074-26D50E9B373A}
	EndGlobalSection
EndGlobal
